
Microsoft Visual Studio Solution File, Format Version 12.00
# Visual Studio Version 17
VisualStudioVersion = 17.7.34202.233
MinimumVisualStudioVersion = 10.0.40219.1
Project("{FAE04EC0-301F-11D3-BF4B-00C04F79EFBC}") = "ome_work", "ome_work.csproj", "{41321B36-1230-46E0-B6B4-6AF6EE6BEA65}"
EndProject
Global
	GlobalSection(SolutionConfigurationPlatforms) = preSolution
		Debug|Any CPU = Debug|Any CPU
		Release|Any CPU = Release|Any CPU
	EndGlobalSection
	GlobalSection(ProjectConfigurationPlatforms) = postSolution
		{41321B36-1230-46E0-B6B4-6AF6EE6BEA65}.Debug|Any CPU.ActiveCfg = Debug|Any CPU
		{41321B36-1230-46E0-B6B4-6AF6EE6BEA65}.Debug|Any CPU.Build.0 = Debug|Any CPU
		{41321B36-1230-46E0-B6B4-6AF6EE6BEA65}.Release|Any CPU.ActiveCfg = Release|Any CPU
		{41321B36-1230-46E0-B6B4-6AF6EE6BEA65}.Release|Any CPU.Build.0 = Release|Any CPU
	EndGlobalSection
	GlobalSection(SolutionProperties) = preSolution
		HideSolutionNode = FALSE
	EndGlobalSection
	GlobalSection(ExtensibilityGlobals) = postSolution
		SolutionGuid = {F88A3681-ADCB-4B74-AB0D-BDC00A0EDF2A}
	EndGlobalSection
EndGlobal
